# This file is autogenerated, do not edit; changes may be undone by the next 'dep ensure'.


[[projects]]
  branch = "master"
  name = "github.com/mackerelio/go-mackerel-plugin-helper"
  packages = ["."]
  revision = "bb755efd723cb7876b3216f12331d241a82dfc1d"

[[projects]]
  branch = "master"
  name = "github.com/mackerelio/golib"
  packages = ["pluginutil"]
  revision = "f8af1a14676acd67ed7bd1c48c4e95d978b9ce4d"

[solve-meta]
  analyzer-name = "dep"
  analyzer-version = 1
  inputs-digest = "25522aac6675f10bfaae482e993852d1d56c340f68fe2c53f599f03360e94670"
  solver-name = "gps-cdcl"
  solver-version = 1
